
Microsoft Visual Studio Solution File, Format Version 12.00
# Visual Studio 14
VisualStudioVersion = 14.0.25123.0
MinimumVisualStudioVersion = 10.0.40219.1
Project("{FAE04EC0-301F-11D3-BF4B-00C04F79EFBC}") = "Card Identifier", "Card Identifier\Card Identifier.csproj", "{55D43E98-6375-4CF3-8A42-C95640B11AFD}"
EndProject
Global
	GlobalSection(SolutionConfigurationPlatforms) = preSolution
		Debug|Any CPU = Debug|Any CPU
		Release|Any CPU = Release|Any CPU
	EndGlobalSection
	GlobalSection(ProjectConfigurationPlatforms) = postSolution
		{55D43E98-6375-4CF3-8A42-C95640B11AFD}.Debug|Any CPU.ActiveCfg = Debug|Any CPU
		{55D43E98-6375-4CF3-8A42-C95640B11AFD}.Debug|Any CPU.Build.0 = Debug|Any CPU
		{55D43E98-6375-4CF3-8A42-C95640B11AFD}.Release|Any CPU.ActiveCfg = Release|Any CPU
		{55D43E98-6375-4CF3-8A42-C95640B11AFD}.Release|Any CPU.Build.0 = Release|Any CPU
	EndGlobalSection
	GlobalSection(SolutionProperties) = preSolution
		HideSolutionNode = FALSE
	EndGlobalSection
EndGlobal
